{
  "nodes": {
    "base16": {
      "inputs": {
        "nixpkgs": [
          "nixpkgs"
        ]
      },
      "locked": {
        "lastModified": 1643556194,
        "narHash": "sha256-mU/pD30cIRcodLROhbIpRuEoEsO9aV5lDrYav0ZSIUA=",
        "owner": "SenchoPens",
        "repo": "base16.nix",
        "rev": "abc25e69d0e18ce54dbe6d95a531c4d63ed59932",
        "type": "github"
      },
      "original": {
        "owner": "SenchoPens",
        "repo": "base16.nix",
        "type": "github"
      }
    },
    "base16-gruvbox-scheme": {
      "flake": false,
      "locked": {
        "lastModified": 1547401068,
        "narHash": "sha256-txrHQzlwtx2GIaPum+Z+cncAyOI/5YdHB3OGUziI7wY=",
        "owner": "dawikur",
        "repo": "base16-gruvbox-scheme",
        "rev": "2def6ef77c1f562ff298d61da6845289bfd9f569",
        "type": "github"
      },
      "original": {
        "owner": "dawikur",
        "repo": "base16-gruvbox-scheme",
        "type": "github"
      }
    },
    "base16-nord-scheme": {
      "flake": false,
      "locked": {
        "lastModified": 1484903186,
        "narHash": "sha256-8U4oKcG9V1VmPrynC3at7KLcURQHu1UBDu8KNeV+9Hs=",
        "owner": "ada-lovecraft",
        "repo": "base16-nord-scheme",
        "rev": "2c19622fe9c346d27989d3db2ffb876875d1209a",
        "type": "github"
      },
      "original": {
        "owner": "ada-lovecraft",
        "repo": "base16-nord-scheme",
        "type": "github"
      }
    },
    "base16-zathura": {
      "flake": false,
      "locked": {
        "lastModified": 1643130739,
        "narHash": "sha256-nVJoygnytYN40VHXpAFwO7ruVbaSydeR547MU45VSuY=",
        "owner": "haozeke",
        "repo": "base16-zathura",
        "rev": "9f148b4001dc67d399e645919225943d47e50125",
        "type": "github"
      },
      "original": {
        "owner": "haozeke",
        "repo": "base16-zathura",
        "type": "github"
      }
    },
    "doom-emacs": {
      "flake": false,
      "locked": {
        "lastModified": 1645229288,
        "narHash": "sha256-JEzbetI8s/bv9SM1rQ+/RtYIvzrR3pcEijQ8e/kDOn8=",
        "owner": "hlissner",
        "repo": "doom-emacs",
        "rev": "849672691dd5d1214d6c72167ae84c03e8d9c8e3",
        "type": "github"
      },
      "original": {
        "owner": "hlissner",
        "repo": "doom-emacs",
        "type": "github"
      }
    },
    "emacs-overlay": {
      "locked": {
        "lastModified": 1644489947,
        "narHash": "sha256-dUracTZi1GBr4F2QK6OcpdXXEkCjf3QNX4V11zFyY0o=",
        "owner": "nix-community",
        "repo": "emacs-overlay",
        "rev": "e81fa762762f1f20e0ad2d928280bdeedd9bc7df",
        "type": "github"
      },
      "original": {
        "owner": "nix-community",
        "repo": "emacs-overlay",
        "type": "github"
      }
    },
    "flake-utils": {
      "locked": {
        "lastModified": 1629481132,
        "narHash": "sha256-JHgasjPR0/J1J3DRm4KxM4zTyAj4IOJY8vIl75v/kPI=",
        "owner": "numtide",
        "repo": "flake-utils",
        "rev": "997f7efcb746a9c140ce1f13c72263189225f482",
        "type": "github"
      },
      "original": {
        "owner": "numtide",
        "repo": "flake-utils",
        "type": "github"
      }
    },
    "home-manager": {
      "inputs": {
        "nixpkgs": "nixpkgs"
      },
      "locked": {
        "lastModified": 1644346464,
        "narHash": "sha256-hS8hwbr/PflMIfTWTmB7Xo5jIrsWhSAqtz5XXxPa0zQ=",
        "owner": "nix-community",
        "repo": "home-manager",
        "rev": "e2aa1f598674aa9c06f28f5db60b89f37f1e961b",
        "type": "github"
      },
      "original": {
        "owner": "nix-community",
        "repo": "home-manager",
        "type": "github"
      }
    },
    "neovim": {
      "inputs": {
        "flake-utils": "flake-utils",
        "nixpkgs": "nixpkgs_2"
      },
      "locked": {
        "dir": "contrib",
        "lastModified": 1644514284,
        "narHash": "sha256-4aPbBl1bBfz309M2OUItvRETIDg0cHeU6B6GTxQOoIY=",
        "owner": "neovim",
        "repo": "neovim",
        "rev": "4d59318ecba08e2f9fe5543f442e62af50dbb06d",
        "type": "github"
      },
      "original": {
        "dir": "contrib",
        "owner": "neovim",
        "repo": "neovim",
        "type": "github"
      }
    },
    "nixos-hardware": {
      "locked": {
        "lastModified": 1643980037,
        "narHash": "sha256-RdVHt2mD408WXMjQIOLvUzy8cSUHu8NAbilDmPVxf7E=",
        "owner": "NixOS",
        "repo": "nixos-hardware",
        "rev": "9886a06e4745edb31587d0e9481ad82d35f0d593",
        "type": "github"
      },
      "original": {
        "owner": "NixOS",
        "ref": "master",
        "repo": "nixos-hardware",
        "type": "github"
      }
    },
    "nixpkgs": {
      "locked": {
        "lastModified": 1644486793,
        "narHash": "sha256-EeijR4guVHgVv+JpOX3cQO+1XdrkJfGmiJ9XVsVU530=",
        "owner": "NixOS",
        "repo": "nixpkgs",
        "rev": "1882c6b7368fd284ad01b0a5b5601ef136321292",
        "type": "github"
      },
      "original": {
        "id": "nixpkgs",
        "type": "indirect"
      }
    },
    "nixpkgs_2": {
      "locked": {
        "lastModified": 1630074300,
        "narHash": "sha256-BFM7OiXRs0RvSUZd6NCGAKWVPn3VodgYQ4TUQXxbMBU=",
        "owner": "nixos",
        "repo": "nixpkgs",
        "rev": "21c937f8cb1e6adcfeb36dfd6c90d9d9bfab1d28",
        "type": "github"
      },
      "original": {
        "owner": "nixos",
        "ref": "nixos-unstable",
        "repo": "nixpkgs",
        "type": "github"
      }
    },
    "nixpkgs_3": {
      "locked": {
        "lastModified": 1645334861,
        "narHash": "sha256-We9ECiMglthzbZ5S6Myqqf+RHzBFZPoM2qL5/jDkUjs=",
        "owner": "nixos",
        "repo": "nixpkgs",
        "rev": "d5f237872975e6fb6f76eef1368b5634ffcd266f",
        "type": "github"
      },
      "original": {
        "owner": "nixos",
        "ref": "nixos-unstable",
        "repo": "nixpkgs",
        "type": "github"
      }
    },
    "root": {
      "inputs": {
        "base16": "base16",
        "base16-gruvbox-scheme": "base16-gruvbox-scheme",
        "base16-nord-scheme": "base16-nord-scheme",
        "base16-zathura": "base16-zathura",
        "doom-emacs": "doom-emacs",
        "emacs-overlay": "emacs-overlay",
        "home-manager": "home-manager",
        "neovim": "neovim",
        "nixos-hardware": "nixos-hardware",
        "nixpkgs": "nixpkgs_3"
      }
    }
  },
  "root": "root",
  "version": 7
}
