{
  "nodes": {
    "base16": {
      "inputs": {
        "nixpkgs": [
          "nixpkgs"
        ]
      },
      "locked": {
        "lastModified": 1643556194,
        "narHash": "sha256-mU/pD30cIRcodLROhbIpRuEoEsO9aV5lDrYav0ZSIUA=",
        "owner": "SenchoPens",
        "repo": "base16.nix",
        "rev": "abc25e69d0e18ce54dbe6d95a531c4d63ed59932",
        "type": "github"
      },
      "original": {
        "owner": "SenchoPens",
        "repo": "base16.nix",
        "type": "github"
      }
    },
    "base16-gruvbox-scheme": {
      "flake": false,
      "locked": {
        "lastModified": 1547401068,
        "narHash": "sha256-txrHQzlwtx2GIaPum+Z+cncAyOI/5YdHB3OGUziI7wY=",
        "owner": "dawikur",
        "repo": "base16-gruvbox-scheme",
        "rev": "2def6ef77c1f562ff298d61da6845289bfd9f569",
        "type": "github"
      },
      "original": {
        "owner": "dawikur",
        "repo": "base16-gruvbox-scheme",
        "type": "github"
      }
    },
    "base16-nord-scheme": {
      "flake": false,
      "locked": {
        "lastModified": 1484903186,
        "narHash": "sha256-8U4oKcG9V1VmPrynC3at7KLcURQHu1UBDu8KNeV+9Hs=",
        "owner": "ada-lovecraft",
        "repo": "base16-nord-scheme",
        "rev": "2c19622fe9c346d27989d3db2ffb876875d1209a",
        "type": "github"
      },
      "original": {
        "owner": "ada-lovecraft",
        "repo": "base16-nord-scheme",
        "type": "github"
      }
    },
    "base16-zathura": {
      "flake": false,
      "locked": {
        "lastModified": 1643130739,
        "narHash": "sha256-nVJoygnytYN40VHXpAFwO7ruVbaSydeR547MU45VSuY=",
        "owner": "haozeke",
        "repo": "base16-zathura",
        "rev": "9f148b4001dc67d399e645919225943d47e50125",
        "type": "github"
      },
      "original": {
        "owner": "haozeke",
        "repo": "base16-zathura",
        "type": "github"
      }
    },
    "doom-emacs": {
      "flake": false,
      "locked": {
        "lastModified": 1649379174,
        "narHash": "sha256-DGxp1TSDHOBfiojrfwZXMMTByG5TqK0FHziu146r6JA=",
        "owner": "hlissner",
        "repo": "doom-emacs",
        "rev": "7121e993ca1ccaf05bafbfe1c3d9f605fc7c0f78",
        "type": "github"
      },
      "original": {
        "owner": "hlissner",
        "repo": "doom-emacs",
        "type": "github"
      }
    },
    "dotfiles": {
      "flake": false,
      "locked": {
        "lastModified": 1651623875,
        "narHash": "sha256-7J0GOF7v36e834vn2gfvsbK+p2UDS4H5WWiRzKq4EXM=",
        "owner": "IllustratedMan-code",
        "repo": "dotfiles",
        "rev": "1b61f719423cbc3c02335da23e9b72a876e120f6",
        "type": "github"
      },
      "original": {
        "owner": "IllustratedMan-code",
        "repo": "dotfiles",
        "type": "github"
      }
    },
    "emacs-overlay": {
      "locked": {
        "lastModified": 1649673521,
        "narHash": "sha256-nJ2C0DeXvrMScU+GuIgosRzt9QGOwjoXN+Qzolc5kck=",
        "owner": "nix-community",
        "repo": "emacs-overlay",
        "rev": "e0f4bc33ca1776c1103d15a63f022e29486d9455",
        "type": "github"
      },
      "original": {
        "owner": "nix-community",
        "repo": "emacs-overlay",
        "type": "github"
      }
    },
    "flake-compat": {
      "flake": false,
      "locked": {
        "lastModified": 1648199409,
        "narHash": "sha256-JwPKdC2PoVBkG6E+eWw3j6BMR6sL3COpYWfif7RVb8Y=",
        "owner": "edolstra",
        "repo": "flake-compat",
        "rev": "64a525ee38886ab9028e6f61790de0832aa3ef03",
        "type": "github"
      },
      "original": {
        "owner": "edolstra",
        "repo": "flake-compat",
        "type": "github"
      }
    },
    "flake-utils": {
      "locked": {
        "lastModified": 1644229661,
        "narHash": "sha256-1YdnJAsNy69bpcjuoKdOYQX0YxZBiCYZo4Twxerqv7k=",
        "owner": "numtide",
        "repo": "flake-utils",
        "rev": "3cecb5b042f7f209c56ffd8371b2711a290ec797",
        "type": "github"
      },
      "original": {
        "owner": "numtide",
        "repo": "flake-utils",
        "type": "github"
      }
    },
    "home-manager": {
      "inputs": {
        "nixpkgs": "nixpkgs"
      },
      "locked": {
        "lastModified": 1649642044,
        "narHash": "sha256-V9ZjTJcbDPgWG+H3rIC6XuPHZAPK1VupBbSsuDbptkQ=",
        "owner": "nix-community",
        "repo": "home-manager",
        "rev": "e39a9d0103e3b2e42059c986a8c633824b96c193",
        "type": "github"
      },
      "original": {
        "owner": "nix-community",
        "repo": "home-manager",
        "type": "github"
      }
    },
    "neovim": {
      "inputs": {
        "flake-compat": "flake-compat",
        "neovim-flake": "neovim-flake",
        "nixpkgs": "nixpkgs_2"
      },
      "locked": {
        "lastModified": 1649665248,
        "narHash": "sha256-RQFYpywRi5SFBvhMWlJB8A77fUOUvoDaZtJlu9cFqEo=",
        "owner": "nix-community",
        "repo": "neovim-nightly-overlay",
        "rev": "43585324d016cb89ba29490bdc2bc68d54a5b172",
        "type": "github"
      },
      "original": {
        "owner": "nix-community",
        "repo": "neovim-nightly-overlay",
        "type": "github"
      }
    },
    "neovim-flake": {
      "inputs": {
        "flake-utils": "flake-utils",
        "nixpkgs": [
          "neovim",
          "nixpkgs"
        ]
      },
      "locked": {
        "dir": "contrib",
        "lastModified": 1649659286,
        "narHash": "sha256-xzjnBbJBOXl1MlUeOAHuqycXa8xj34+vxJQlIoj28SQ=",
        "owner": "neovim",
        "repo": "neovim",
        "rev": "8f95f3ea0612d1887f68c9663ee6bc831168a04e",
        "type": "github"
      },
      "original": {
        "dir": "contrib",
        "owner": "neovim",
        "repo": "neovim",
        "type": "github"
      }
    },
    "nixos-hardware": {
      "locked": {
        "lastModified": 1649660850,
        "narHash": "sha256-x8ZE4B+EuA9dCEJKNzT59yQjzotVMnGYU5GMoqMLk3A=",
        "owner": "NixOS",
        "repo": "nixos-hardware",
        "rev": "f4160a629bac3538939a3005c8b5c7fb320bcf59",
        "type": "github"
      },
      "original": {
        "owner": "NixOS",
        "ref": "master",
        "repo": "nixos-hardware",
        "type": "github"
      }
    },
    "nixpkgs": {
      "locked": {
        "lastModified": 1648219316,
        "narHash": "sha256-Ctij+dOi0ZZIfX5eMhgwugfvB+WZSrvVNAyAuANOsnQ=",
        "owner": "NixOS",
        "repo": "nixpkgs",
        "rev": "30d3d79b7d3607d56546dd2a6b49e156ba0ec634",
        "type": "github"
      },
      "original": {
        "id": "nixpkgs",
        "type": "indirect"
      }
    },
    "nixpkgs_2": {
      "locked": {
        "lastModified": 1649497218,
        "narHash": "sha256-groqC9m1P4hpnL6jQvZ3C8NEtduhdkvwGT0+0LUrcYw=",
        "owner": "nixos",
        "repo": "nixpkgs",
        "rev": "fd364d268852561223a5ada15caad669fd72800e",
        "type": "github"
      },
      "original": {
        "owner": "nixos",
        "ref": "nixos-unstable",
        "repo": "nixpkgs",
        "type": "github"
      }
    },
    "nixpkgs_3": {
      "locked": {
        "lastModified": 1649497218,
        "narHash": "sha256-groqC9m1P4hpnL6jQvZ3C8NEtduhdkvwGT0+0LUrcYw=",
        "owner": "nixos",
        "repo": "nixpkgs",
        "rev": "fd364d268852561223a5ada15caad669fd72800e",
        "type": "github"
      },
      "original": {
        "owner": "nixos",
        "ref": "nixos-unstable",
        "repo": "nixpkgs",
        "type": "github"
      }
    },
    "root": {
      "inputs": {
        "base16": "base16",
        "base16-gruvbox-scheme": "base16-gruvbox-scheme",
        "base16-nord-scheme": "base16-nord-scheme",
        "base16-zathura": "base16-zathura",
        "doom-emacs": "doom-emacs",
        "dotfiles": "dotfiles",
        "emacs-overlay": "emacs-overlay",
        "home-manager": "home-manager",
        "neovim": "neovim",
        "nixos-hardware": "nixos-hardware",
        "nixpkgs": "nixpkgs_3"
      }
    }
  },
  "root": "root",
  "version": 7
}
